
Microsoft Visual Studio Solution File, Format Version 12.00
# Visual Studio Version 17
VisualStudioVersion = 17.4.33213.308
MinimumVisualStudioVersion = 10.0.40219.1
Project("{FAE04EC0-301F-11D3-BF4B-00C04F79EFBC}") = "ConsoleApp1", "ConsoleApp1\ConsoleApp1.csproj", "{D2F14708-CF4B-4BC3-9DD4-F2DBD5921E6E}"
EndProject
Global
	GlobalSection(SolutionConfigurationPlatforms) = preSolution
		Debug|Any CPU = Debug|Any CPU
		Release|Any CPU = Release|Any CPU
	EndGlobalSection
	GlobalSection(ProjectConfigurationPlatforms) = postSolution
		{D2F14708-CF4B-4BC3-9DD4-F2DBD5921E6E}.Debug|Any CPU.ActiveCfg = Debug|Any CPU
		{D2F14708-CF4B-4BC3-9DD4-F2DBD5921E6E}.Debug|Any CPU.Build.0 = Debug|Any CPU
		{D2F14708-CF4B-4BC3-9DD4-F2DBD5921E6E}.Release|Any CPU.ActiveCfg = Release|Any CPU
		{D2F14708-CF4B-4BC3-9DD4-F2DBD5921E6E}.Release|Any CPU.Build.0 = Release|Any CPU
	EndGlobalSection
	GlobalSection(SolutionProperties) = preSolution
		HideSolutionNode = FALSE
	EndGlobalSection
	GlobalSection(ExtensibilityGlobals) = postSolution
		SolutionGuid = {EC339043-4CCC-4A19-A0DC-DF28E745A169}
	EndGlobalSection
EndGlobal
